
Microsoft Visual Studio Solution File, Format Version 12.00
Project("{FAE04EC0-301F-11D3-BF4B-00C04F79EFBC}") = "Part1Ex1", "Part1Ex1\Part1Ex1.csproj", "{6A35B632-E63C-48DE-A032-7DC37B87E88E}"
EndProject
Project("{FAE04EC0-301F-11D3-BF4B-00C04F79EFBC}") = "Part1Ex2", "Part1Ex2\Part1Ex2.csproj", "{61FAE46C-867C-4DA3-BF4D-2CE43B27D6B9}"
EndProject
Project("{FAE04EC0-301F-11D3-BF4B-00C04F79EFBC}") = "Part1Ex3", "Part1Ex3\Part1Ex3.csproj", "{69E8AE6A-F78D-4FA6-BEC9-06DE82C33DEB}"
EndProject
Project("{FAE04EC0-301F-11D3-BF4B-00C04F79EFBC}") = "Part1Ex4", "Part1Ex4\Part1Ex4.csproj", "{30493659-8F7D-4F79-A122-9D6E4C9DE74E}"
EndProject
Project("{FAE04EC0-301F-11D3-BF4B-00C04F79EFBC}") = "Part1Ex5", "Part1Ex5\Part1Ex5.csproj", "{821245FC-19E2-4839-9E9B-BFFC798DDD19}"
EndProject
Project("{FAE04EC0-301F-11D3-BF4B-00C04F79EFBC}") = "Part3Ex1", "Part3Ex1\Part3Ex1.csproj", "{C553AFA6-B669-442B-B5F1-68425AAB9C95}"
EndProject
Project("{FAE04EC0-301F-11D3-BF4B-00C04F79EFBC}") = "Part3Ex2", "Part3Ex2\Part3Ex2.csproj", "{B8DCD2CC-B180-4976-B57F-3D7C7C0DD4E9}"
EndProject
Global
	GlobalSection(SolutionConfigurationPlatforms) = preSolution
		Debug|Any CPU = Debug|Any CPU
		Release|Any CPU = Release|Any CPU
	EndGlobalSection
	GlobalSection(ProjectConfigurationPlatforms) = postSolution
		{6A35B632-E63C-48DE-A032-7DC37B87E88E}.Debug|Any CPU.ActiveCfg = Debug|Any CPU
		{6A35B632-E63C-48DE-A032-7DC37B87E88E}.Debug|Any CPU.Build.0 = Debug|Any CPU
		{6A35B632-E63C-48DE-A032-7DC37B87E88E}.Release|Any CPU.ActiveCfg = Release|Any CPU
		{6A35B632-E63C-48DE-A032-7DC37B87E88E}.Release|Any CPU.Build.0 = Release|Any CPU
		{61FAE46C-867C-4DA3-BF4D-2CE43B27D6B9}.Debug|Any CPU.ActiveCfg = Debug|Any CPU
		{61FAE46C-867C-4DA3-BF4D-2CE43B27D6B9}.Debug|Any CPU.Build.0 = Debug|Any CPU
		{61FAE46C-867C-4DA3-BF4D-2CE43B27D6B9}.Release|Any CPU.ActiveCfg = Release|Any CPU
		{61FAE46C-867C-4DA3-BF4D-2CE43B27D6B9}.Release|Any CPU.Build.0 = Release|Any CPU
		{69E8AE6A-F78D-4FA6-BEC9-06DE82C33DEB}.Debug|Any CPU.ActiveCfg = Debug|Any CPU
		{69E8AE6A-F78D-4FA6-BEC9-06DE82C33DEB}.Debug|Any CPU.Build.0 = Debug|Any CPU
		{69E8AE6A-F78D-4FA6-BEC9-06DE82C33DEB}.Release|Any CPU.ActiveCfg = Release|Any CPU
		{69E8AE6A-F78D-4FA6-BEC9-06DE82C33DEB}.Release|Any CPU.Build.0 = Release|Any CPU
		{30493659-8F7D-4F79-A122-9D6E4C9DE74E}.Debug|Any CPU.ActiveCfg = Debug|Any CPU
		{30493659-8F7D-4F79-A122-9D6E4C9DE74E}.Debug|Any CPU.Build.0 = Debug|Any CPU
		{30493659-8F7D-4F79-A122-9D6E4C9DE74E}.Release|Any CPU.ActiveCfg = Release|Any CPU
		{30493659-8F7D-4F79-A122-9D6E4C9DE74E}.Release|Any CPU.Build.0 = Release|Any CPU
		{821245FC-19E2-4839-9E9B-BFFC798DDD19}.Debug|Any CPU.ActiveCfg = Debug|Any CPU
		{821245FC-19E2-4839-9E9B-BFFC798DDD19}.Debug|Any CPU.Build.0 = Debug|Any CPU
		{821245FC-19E2-4839-9E9B-BFFC798DDD19}.Release|Any CPU.ActiveCfg = Release|Any CPU
		{821245FC-19E2-4839-9E9B-BFFC798DDD19}.Release|Any CPU.Build.0 = Release|Any CPU
		{C553AFA6-B669-442B-B5F1-68425AAB9C95}.Debug|Any CPU.ActiveCfg = Debug|Any CPU
		{C553AFA6-B669-442B-B5F1-68425AAB9C95}.Debug|Any CPU.Build.0 = Debug|Any CPU
		{C553AFA6-B669-442B-B5F1-68425AAB9C95}.Release|Any CPU.ActiveCfg = Release|Any CPU
		{C553AFA6-B669-442B-B5F1-68425AAB9C95}.Release|Any CPU.Build.0 = Release|Any CPU
		{B8DCD2CC-B180-4976-B57F-3D7C7C0DD4E9}.Debug|Any CPU.ActiveCfg = Debug|Any CPU
		{B8DCD2CC-B180-4976-B57F-3D7C7C0DD4E9}.Debug|Any CPU.Build.0 = Debug|Any CPU
		{B8DCD2CC-B180-4976-B57F-3D7C7C0DD4E9}.Release|Any CPU.ActiveCfg = Release|Any CPU
		{B8DCD2CC-B180-4976-B57F-3D7C7C0DD4E9}.Release|Any CPU.Build.0 = Release|Any CPU
	EndGlobalSection
EndGlobal
